
Microsoft Visual Studio Solution File, Format Version 12.00
# Visual Studio Version 16
VisualStudioVersion = 16.0.28822.285
MinimumVisualStudioVersion = 10.0.40219.1
Project("{FAE04EC0-301F-11D3-BF4B-00C04F79EFBC}") = "WpfApp3", "WpfApp3\WpfApp3.csproj", "{49328582-136D-4711-BEB2-F12BCBFD56FC}"
EndProject
Global
	GlobalSection(SolutionConfigurationPlatforms) = preSolution
		Debug|Any CPU = Debug|Any CPU
		Release|Any CPU = Release|Any CPU
	EndGlobalSection
	GlobalSection(ProjectConfigurationPlatforms) = postSolution
		{49328582-136D-4711-BEB2-F12BCBFD56FC}.Debug|Any CPU.ActiveCfg = Debug|Any CPU
		{49328582-136D-4711-BEB2-F12BCBFD56FC}.Debug|Any CPU.Build.0 = Debug|Any CPU
		{49328582-136D-4711-BEB2-F12BCBFD56FC}.Release|Any CPU.ActiveCfg = Release|Any CPU
		{49328582-136D-4711-BEB2-F12BCBFD56FC}.Release|Any CPU.Build.0 = Release|Any CPU
	EndGlobalSection
	GlobalSection(SolutionProperties) = preSolution
		HideSolutionNode = FALSE
	EndGlobalSection
	GlobalSection(ExtensibilityGlobals) = postSolution
		SolutionGuid = {114B4FF0-E634-4578-9502-D1168BA23D03}
	EndGlobalSection
EndGlobal
